
Microsoft Visual Studio Solution File, Format Version 12.00
# Visual Studio 15
VisualStudioVersion = 15.0.27703.2000
MinimumVisualStudioVersion = 10.0.40219.1
Project("{FAE04EC0-301F-11D3-BF4B-00C04F79EFBC}") = "FinalProject.Web", "FinalProject.Web\FinalProject.Web.csproj", "{5A696AF5-20CA-4475-A489-72FE6B509FFB}"
EndProject
Project("{FAE04EC0-301F-11D3-BF4B-00C04F79EFBC}") = "FinalProject.DB", "FinalProject.DB\FinalProject.DB.csproj", "{547E7560-EC02-4504-95AE-3D690DAF5825}"
EndProject
Project("{FAE04EC0-301F-11D3-BF4B-00C04F79EFBC}") = "FinalProject.DataAccess", "FinalProject.DataAccess\FinalProject.DataAccess.csproj", "{C01A1470-B20D-417A-8094-2B3409A004B9}"
EndProject
Project("{FAE04EC0-301F-11D3-BF4B-00C04F79EFBC}") = "FinalProject.Services", "FinalProject.Services\FinalProject.Services.csproj", "{92FA9F1A-01B1-4E07-8B73-C3F08EF8B52D}"
EndProject
Project("{FAE04EC0-301F-11D3-BF4B-00C04F79EFBC}") = "FinalProject.Repositories", "FinalProject.Repositories\FinalProject.Repositories.csproj", "{70F6E0D3-0B6A-4E61-A7AE-07CD9D9C6431}"
EndProject
Global
	GlobalSection(SolutionConfigurationPlatforms) = preSolution
		Debug|Any CPU = Debug|Any CPU
		Release|Any CPU = Release|Any CPU
	EndGlobalSection
	GlobalSection(ProjectConfigurationPlatforms) = postSolution
		{5A696AF5-20CA-4475-A489-72FE6B509FFB}.Debug|Any CPU.ActiveCfg = Debug|Any CPU
		{5A696AF5-20CA-4475-A489-72FE6B509FFB}.Debug|Any CPU.Build.0 = Debug|Any CPU
		{5A696AF5-20CA-4475-A489-72FE6B509FFB}.Release|Any CPU.ActiveCfg = Release|Any CPU
		{5A696AF5-20CA-4475-A489-72FE6B509FFB}.Release|Any CPU.Build.0 = Release|Any CPU
		{547E7560-EC02-4504-95AE-3D690DAF5825}.Debug|Any CPU.ActiveCfg = Debug|Any CPU
		{547E7560-EC02-4504-95AE-3D690DAF5825}.Debug|Any CPU.Build.0 = Debug|Any CPU
		{547E7560-EC02-4504-95AE-3D690DAF5825}.Release|Any CPU.ActiveCfg = Release|Any CPU
		{547E7560-EC02-4504-95AE-3D690DAF5825}.Release|Any CPU.Build.0 = Release|Any CPU
		{C01A1470-B20D-417A-8094-2B3409A004B9}.Debug|Any CPU.ActiveCfg = Debug|Any CPU
		{C01A1470-B20D-417A-8094-2B3409A004B9}.Debug|Any CPU.Build.0 = Debug|Any CPU
		{C01A1470-B20D-417A-8094-2B3409A004B9}.Release|Any CPU.ActiveCfg = Release|Any CPU
		{C01A1470-B20D-417A-8094-2B3409A004B9}.Release|Any CPU.Build.0 = Release|Any CPU
		{92FA9F1A-01B1-4E07-8B73-C3F08EF8B52D}.Debug|Any CPU.ActiveCfg = Debug|Any CPU
		{92FA9F1A-01B1-4E07-8B73-C3F08EF8B52D}.Debug|Any CPU.Build.0 = Debug|Any CPU
		{92FA9F1A-01B1-4E07-8B73-C3F08EF8B52D}.Release|Any CPU.ActiveCfg = Release|Any CPU
		{92FA9F1A-01B1-4E07-8B73-C3F08EF8B52D}.Release|Any CPU.Build.0 = Release|Any CPU
		{70F6E0D3-0B6A-4E61-A7AE-07CD9D9C6431}.Debug|Any CPU.ActiveCfg = Debug|Any CPU
		{70F6E0D3-0B6A-4E61-A7AE-07CD9D9C6431}.Debug|Any CPU.Build.0 = Debug|Any CPU
		{70F6E0D3-0B6A-4E61-A7AE-07CD9D9C6431}.Release|Any CPU.ActiveCfg = Release|Any CPU
		{70F6E0D3-0B6A-4E61-A7AE-07CD9D9C6431}.Release|Any CPU.Build.0 = Release|Any CPU
	EndGlobalSection
	GlobalSection(SolutionProperties) = preSolution
		HideSolutionNode = FALSE
	EndGlobalSection
	GlobalSection(ExtensibilityGlobals) = postSolution
		SolutionGuid = {B04F4E0E-E73B-4F96-AAB4-FBC7C7C860B5}
	EndGlobalSection
EndGlobal
